
Microsoft Visual Studio Solution File, Format Version 12.00
# Visual Studio Version 16
VisualStudioVersion = 16.0.31129.286
MinimumVisualStudioVersion = 10.0.40219.1
Project("{FAE04EC0-301F-11D3-BF4B-00C04F79EFBC}") = "FlightGearProject", "FlightGearProject\FlightGearProject.csproj", "{93283293-3994-4796-97A4-887387EB6BA9}"
EndProject
Global
	GlobalSection(SolutionConfigurationPlatforms) = preSolution
		Debug|Any CPU = Debug|Any CPU
		Release|Any CPU = Release|Any CPU
	EndGlobalSection
	GlobalSection(ProjectConfigurationPlatforms) = postSolution
		{93283293-3994-4796-97A4-887387EB6BA9}.Debug|Any CPU.ActiveCfg = Debug|Any CPU
		{93283293-3994-4796-97A4-887387EB6BA9}.Debug|Any CPU.Build.0 = Debug|Any CPU
		{93283293-3994-4796-97A4-887387EB6BA9}.Release|Any CPU.ActiveCfg = Release|Any CPU
		{93283293-3994-4796-97A4-887387EB6BA9}.Release|Any CPU.Build.0 = Release|Any CPU
	EndGlobalSection
	GlobalSection(SolutionProperties) = preSolution
		HideSolutionNode = FALSE
	EndGlobalSection
	GlobalSection(ExtensibilityGlobals) = postSolution
		SolutionGuid = {EF4F8E82-73E3-4E0D-926A-6AE844CE7EA5}
	EndGlobalSection
EndGlobal
